// !$*UTF8*$!
{
	archiveVersion = 1;
	classes = {
	};
	objectVersion = 46;
	objects = {

/* Begin PBXBuildFile section */
		AF11BDB21BD719AC00B2DD1D /* ASOResizeImageOperation.m in Sources */ = {isa = PBXBuildFile; fileRef = AF11BDB11BD719AC00B2DD1D /* ASOResizeImageOperation.m */; settings = {ASSET_TAGS = (); }; };
		AF11BDB51BD7ABD900B2DD1D /* ASOFilterImageOperation.m in Sources */ = {isa = PBXBuildFile; fileRef = AF11BDB41BD7ABD900B2DD1D /* ASOFilterImageOperation.m */; settings = {ASSET_TAGS = (); }; };
		AF8E12821BD5B0F5003B8717 /* main.m in Sources */ = {isa = PBXBuildFile; fileRef = AF8E12811BD5B0F5003B8717 /* main.m */; };
		AF8E12851BD5B0F5003B8717 /* AppDelegate.m in Sources */ = {isa = PBXBuildFile; fileRef = AF8E12841BD5B0F5003B8717 /* AppDelegate.m */; };
		AF8E128D1BD5B0F5003B8717 /* Assets.xcassets in Resources */ = {isa = PBXBuildFile; fileRef = AF8E128C1BD5B0F5003B8717 /* Assets.xcassets */; };
		AF8E12901BD5B0F5003B8717 /* LaunchScreen.storyboard in Resources */ = {isa = PBXBuildFile; fileRef = AF8E128E1BD5B0F5003B8717 /* LaunchScreen.storyboard */; };
		AF8E129B1BD5B0F5003B8717 /* AsynchronousOperationsTests.m in Sources */ = {isa = PBXBuildFile; fileRef = AF8E129A1BD5B0F5003B8717 /* AsynchronousOperationsTests.m */; };
		AF8E12A61BD5B0F5003B8717 /* AsynchronousOperationsUITests.m in Sources */ = {isa = PBXBuildFile; fileRef = AF8E12A51BD5B0F5003B8717 /* AsynchronousOperationsUITests.m */; };
		AF8E12B61BD5C0B4003B8717 /* ASOMainViewController.m in Sources */ = {isa = PBXBuildFile; fileRef = AF8E12B41BD5C0B4003B8717 /* ASOMainViewController.m */; settings = {ASSET_TAGS = (); }; };
		AF8E12B71BD5C0B4003B8717 /* ASOMainViewController.xib in Resources */ = {isa = PBXBuildFile; fileRef = AF8E12B51BD5C0B4003B8717 /* ASOMainViewController.xib */; settings = {ASSET_TAGS = (); }; };
		AF8E12BC1BD5C23B003B8717 /* ASODownloadImageOperation.m in Sources */ = {isa = PBXBuildFile; fileRef = AF8E12BB1BD5C23B003B8717 /* ASODownloadImageOperation.m */; settings = {ASSET_TAGS = (); }; };
		AF8E12BF1BD5DA7D003B8717 /* ASOBaseOperation.m in Sources */ = {isa = PBXBuildFile; fileRef = AF8E12BE1BD5DA7D003B8717 /* ASOBaseOperation.m */; settings = {ASSET_TAGS = (); }; };
/* End PBXBuildFile section */

/* Begin PBXContainerItemProxy section */
		AF8E12971BD5B0F5003B8717 /* PBXContainerItemProxy */ = {
			isa = PBXContainerItemProxy;
			containerPortal = AF8E12751BD5B0F5003B8717 /* Project object */;
			proxyType = 1;
			remoteGlobalIDString = AF8E127C1BD5B0F5003B8717;
			remoteInfo = AsynchronousOperations;
		};
		AF8E12A21BD5B0F5003B8717 /* PBXContainerItemProxy */ = {
			isa = PBXContainerItemProxy;
			containerPortal = AF8E12751BD5B0F5003B8717 /* Project object */;
			proxyType = 1;
			remoteGlobalIDString = AF8E127C1BD5B0F5003B8717;
			remoteInfo = AsynchronousOperations;
		};
/* End PBXContainerItemProxy section */

/* Begin PBXFileReference section */
		AF11BDB01BD719AC00B2DD1D /* ASOResizeImageOperation.h */ = {isa = PBXFileReference; fileEncoding = 4; lastKnownFileType = sourcecode.c.h; name = ASOResizeImageOperation.h; path = Operations/ASOResizeImageOperation.h; sourceTree = "<group>"; };
		AF11BDB11BD719AC00B2DD1D /* ASOResizeImageOperation.m */ = {isa = PBXFileReference; fileEncoding = 4; lastKnownFileType = sourcecode.c.objc; name = ASOResizeImageOperation.m; path = Operations/ASOResizeImageOperation.m; sourceTree = "<group>"; };
		AF11BDB31BD7ABD900B2DD1D /* ASOFilterImageOperation.h */ = {isa = PBXFileReference; fileEncoding = 4; lastKnownFileType = sourcecode.c.h; name = ASOFilterImageOperation.h; path = Operations/ASOFilterImageOperation.h; sourceTree = "<group>"; };
		AF11BDB41BD7ABD900B2DD1D /* ASOFilterImageOperation.m */ = {isa = PBXFileReference; fileEncoding = 4; lastKnownFileType = sourcecode.c.objc; name = ASOFilterImageOperation.m; path = Operations/ASOFilterImageOperation.m; sourceTree = "<group>"; };
		AF8E127D1BD5B0F5003B8717 /* AsynchronousOperations.app */ = {isa = PBXFileReference; explicitFileType = wrapper.application; includeInIndex = 0; path = AsynchronousOperations.app; sourceTree = BUILT_PRODUCTS_DIR; };
		AF8E12811BD5B0F5003B8717 /* main.m */ = {isa = PBXFileReference; lastKnownFileType = sourcecode.c.objc; path = main.m; sourceTree = "<group>"; };
		AF8E12831BD5B0F5003B8717 /* AppDelegate.h */ = {isa = PBXFileReference; lastKnownFileType = sourcecode.c.h; path = AppDelegate.h; sourceTree = "<group>"; };
		AF8E12841BD5B0F5003B8717 /* AppDelegate.m */ = {isa = PBXFileReference; lastKnownFileType = sourcecode.c.objc; path = AppDelegate.m; sourceTree = "<group>"; };
		AF8E128C1BD5B0F5003B8717 /* Assets.xcassets */ = {isa = PBXFileReference; lastKnownFileType = folder.assetcatalog; path = Assets.xcassets; sourceTree = "<group>"; };
		AF8E128F1BD5B0F5003B8717 /* Base */ = {isa = PBXFileReference; lastKnownFileType = file.storyboard; name = Base; path = Base.lproj/LaunchScreen.storyboard; sourceTree = "<group>"; };
		AF8E12911BD5B0F5003B8717 /* Info.plist */ = {isa = PBXFileReference; lastKnownFileType = text.plist.xml; path = Info.plist; sourceTree = "<group>"; };
		AF8E12961BD5B0F5003B8717 /* AsynchronousOperationsTests.xctest */ = {isa = PBXFileReference; explicitFileType = wrapper.cfbundle; includeInIndex = 0; path = AsynchronousOperationsTests.xctest; sourceTree = BUILT_PRODUCTS_DIR; };
		AF8E129A1BD5B0F5003B8717 /* AsynchronousOperationsTests.m */ = {isa = PBXFileReference; lastKnownFileType = sourcecode.c.objc; path = AsynchronousOperationsTests.m; sourceTree = "<group>"; };
		AF8E129C1BD5B0F5003B8717 /* Info.plist */ = {isa = PBXFileReference; lastKnownFileType = text.plist.xml; path = Info.plist; sourceTree = "<group>"; };
		AF8E12A11BD5B0F5003B8717 /* AsynchronousOperationsUITests.xctest */ = {isa = PBXFileReference; explicitFileType = wrapper.cfbundle; includeInIndex = 0; path = AsynchronousOperationsUITests.xctest; sourceTree = BUILT_PRODUCTS_DIR; };
		AF8E12A51BD5B0F5003B8717 /* AsynchronousOperationsUITests.m */ = {isa = PBXFileReference; lastKnownFileType = sourcecode.c.objc; path = AsynchronousOperationsUITests.m; sourceTree = "<group>"; };
		AF8E12A71BD5B0F5003B8717 /* Info.plist */ = {isa = PBXFileReference; lastKnownFileType = text.plist.xml; path = Info.plist; sourceTree = "<group>"; };
		AF8E12B31BD5C0B4003B8717 /* ASOMainViewController.h */ = {isa = PBXFileReference; fileEncoding = 4; lastKnownFileType = sourcecode.c.h; path = ASOMainViewController.h; sourceTree = "<group>"; };
		AF8E12B41BD5C0B4003B8717 /* ASOMainViewController.m */ = {isa = PBXFileReference; fileEncoding = 4; lastKnownFileType = sourcecode.c.objc; path = ASOMainViewController.m; sourceTree = "<group>"; };
		AF8E12B51BD5C0B4003B8717 /* ASOMainViewController.xib */ = {isa = PBXFileReference; fileEncoding = 4; lastKnownFileType = file.xib; path = ASOMainViewController.xib; sourceTree = "<group>"; };
		AF8E12BA1BD5C23B003B8717 /* ASODownloadImageOperation.h */ = {isa = PBXFileReference; fileEncoding = 4; lastKnownFileType = sourcecode.c.h; name = ASODownloadImageOperation.h; path = Operations/ASODownloadImageOperation.h; sourceTree = "<group>"; };
		AF8E12BB1BD5C23B003B8717 /* ASODownloadImageOperation.m */ = {isa = PBXFileReference; fileEncoding = 4; lastKnownFileType = sourcecode.c.objc; name = ASODownloadImageOperation.m; path = Operations/ASODownloadImageOperation.m; sourceTree = "<group>"; };
		AF8E12BD1BD5DA7D003B8717 /* ASOBaseOperation.h */ = {isa = PBXFileReference; fileEncoding = 4; lastKnownFileType = sourcecode.c.h; name = ASOBaseOperation.h; path = Operations/ASOBaseOperation.h; sourceTree = "<group>"; };
		AF8E12BE1BD5DA7D003B8717 /* ASOBaseOperation.m */ = {isa = PBXFileReference; fileEncoding = 4; lastKnownFileType = sourcecode.c.objc; name = ASOBaseOperation.m; path = Operations/ASOBaseOperation.m; sourceTree = "<group>"; };
/* End PBXFileReference section */

/* Begin PBXFrameworksBuildPhase section */
		AF8E127A1BD5B0F5003B8717 /* Frameworks */ = {
			isa = PBXFrameworksBuildPhase;
			buildActionMask = 2147483647;
			files = (
			);
			runOnlyForDeploymentPostprocessing = 0;
		};
		AF8E12931BD5B0F5003B8717 /* Frameworks */ = {
			isa = PBXFrameworksBuildPhase;
			buildActionMask = 2147483647;
			files = (
			);
			runOnlyForDeploymentPostprocessing = 0;
		};
		AF8E129E1BD5B0F5003B8717 /* Frameworks */ = {
			isa = PBXFrameworksBuildPhase;
			buildActionMask = 2147483647;
			files = (
			);
			runOnlyForDeploymentPostprocessing = 0;
		};
/* End PBXFrameworksBuildPhase section */

/* Begin PBXGroup section */
		AF8E12741BD5B0F5003B8717 = {
			isa = PBXGroup;
			children = (
				AF8E127F1BD5B0F5003B8717 /* AsynchronousOperations */,
				AF8E12991BD5B0F5003B8717 /* AsynchronousOperationsTests */,
				AF8E12A41BD5B0F5003B8717 /* AsynchronousOperationsUITests */,
				AF8E127E1BD5B0F5003B8717 /* Products */,
			);
			sourceTree = "<group>";
		};
		AF8E127E1BD5B0F5003B8717 /* Products */ = {
			isa = PBXGroup;
			children = (
				AF8E127D1BD5B0F5003B8717 /* AsynchronousOperations.app */,
				AF8E12961BD5B0F5003B8717 /* AsynchronousOperationsTests.xctest */,
				AF8E12A11BD5B0F5003B8717 /* AsynchronousOperationsUITests.xctest */,
			);
			name = Products;
			sourceTree = "<group>";
		};
		AF8E127F1BD5B0F5003B8717 /* AsynchronousOperations */ = {
			isa = PBXGroup;
			children = (
				AF8E12B91BD5C200003B8717 /* ViewControllers */,
				AF8E12B81BD5C1E3003B8717 /* Operations */,
				AF8E12831BD5B0F5003B8717 /* AppDelegate.h */,
				AF8E12841BD5B0F5003B8717 /* AppDelegate.m */,
				AF8E128C1BD5B0F5003B8717 /* Assets.xcassets */,
				AF8E128E1BD5B0F5003B8717 /* LaunchScreen.storyboard */,
				AF8E12911BD5B0F5003B8717 /* Info.plist */,
				AF8E12801BD5B0F5003B8717 /* Supporting Files */,
			);
			path = AsynchronousOperations;
			sourceTree = "<group>";
		};
		AF8E12801BD5B0F5003B8717 /* Supporting Files */ = {
			isa = PBXGroup;
			children = (
				AF8E12811BD5B0F5003B8717 /* main.m */,
			);
			name = "Supporting Files";
			sourceTree = "<group>";
		};
		AF8E12991BD5B0F5003B8717 /* AsynchronousOperationsTests */ = {
			isa = PBXGroup;
			children = (
				AF8E129A1BD5B0F5003B8717 /* AsynchronousOperationsTests.m */,
				AF8E129C1BD5B0F5003B8717 /* Info.plist */,
			);
			path = AsynchronousOperationsTests;
			sourceTree = "<group>";
		};
		AF8E12A41BD5B0F5003B8717 /* AsynchronousOperationsUITests */ = {
			isa = PBXGroup;
			children = (
				AF8E12A51BD5B0F5003B8717 /* AsynchronousOperationsUITests.m */,
				AF8E12A71BD5B0F5003B8717 /* Info.plist */,
			);
			path = AsynchronousOperationsUITests;
			sourceTree = "<group>";
		};
		AF8E12B81BD5C1E3003B8717 /* Operations */ = {
			isa = PBXGroup;
			children = (
				AF8E12BD1BD5DA7D003B8717 /* ASOBaseOperation.h */,
				AF8E12BE1BD5DA7D003B8717 /* ASOBaseOperation.m */,
				AF8E12BA1BD5C23B003B8717 /* ASODownloadImageOperation.h */,
				AF8E12BB1BD5C23B003B8717 /* ASODownloadImageOperation.m */,
				AF11BDB01BD719AC00B2DD1D /* ASOResizeImageOperation.h */,
				AF11BDB11BD719AC00B2DD1D /* ASOResizeImageOperation.m */,
				AF11BDB31BD7ABD900B2DD1D /* ASOFilterImageOperation.h */,
				AF11BDB41BD7ABD900B2DD1D /* ASOFilterImageOperation.m */,
			);
			name = Operations;
			sourceTree = "<group>";
		};
		AF8E12B91BD5C200003B8717 /* ViewControllers */ = {
			isa = PBXGroup;
			children = (
				AF8E12B31BD5C0B4003B8717 /* ASOMainViewController.h */,
				AF8E12B41BD5C0B4003B8717 /* ASOMainViewController.m */,
				AF8E12B51BD5C0B4003B8717 /* ASOMainViewController.xib */,
			);
			path = ViewControllers;
			sourceTree = "<group>";
		};
/* End PBXGroup section */

/* Begin PBXNativeTarget section */
		AF8E127C1BD5B0F5003B8717 /* AsynchronousOperations */ = {
			isa = PBXNativeTarget;
			buildConfigurationList = AF8E12AA1BD5B0F5003B8717 /* Build configuration list for PBXNativeTarget "AsynchronousOperations" */;
			buildPhases = (
				AF8E12791BD5B0F5003B8717 /* Sources */,
				AF8E127A1BD5B0F5003B8717 /* Frameworks */,
				AF8E127B1BD5B0F5003B8717 /* Resources */,
			);
			buildRules = (
			);
			dependencies = (
			);
			name = AsynchronousOperations;
			productName = AsynchronousOperations;
			productReference = AF8E127D1BD5B0F5003B8717 /* AsynchronousOperations.app */;
			productType = "com.apple.product-type.application";
		};
		AF8E12951BD5B0F5003B8717 /* AsynchronousOperationsTests */ = {
			isa = PBXNativeTarget;
			buildConfigurationList = AF8E12AD1BD5B0F5003B8717 /* Build configuration list for PBXNativeTarget "AsynchronousOperationsTests" */;
			buildPhases = (
				AF8E12921BD5B0F5003B8717 /* Sources */,
				AF8E12931BD5B0F5003B8717 /* Frameworks */,
				AF8E12941BD5B0F5003B8717 /* Resources */,
			);
			buildRules = (
			);
			dependencies = (
				AF8E12981BD5B0F5003B8717 /* PBXTargetDependency */,
			);
			name = AsynchronousOperationsTests;
			productName = AsynchronousOperationsTests;
			productReference = AF8E12961BD5B0F5003B8717 /* AsynchronousOperationsTests.xctest */;
			productType = "com.apple.product-type.bundle.unit-test";
		};
		AF8E12A01BD5B0F5003B8717 /* AsynchronousOperationsUITests */ = {
			isa = PBXNativeTarget;
			buildConfigurationList = AF8E12B01BD5B0F5003B8717 /* Build configuration list for PBXNativeTarget "AsynchronousOperationsUITests" */;
			buildPhases = (
				AF8E129D1BD5B0F5003B8717 /* Sources */,
				AF8E129E1BD5B0F5003B8717 /* Frameworks */,
				AF8E129F1BD5B0F5003B8717 /* Resources */,
			);
			buildRules = (
			);
			dependencies = (
				AF8E12A31BD5B0F5003B8717 /* PBXTargetDependency */,
			);
			name = AsynchronousOperationsUITests;
			productName = AsynchronousOperationsUITests;
			productReference = AF8E12A11BD5B0F5003B8717 /* AsynchronousOperationsUITests.xctest */;
			productType = "com.apple.product-type.bundle.ui-testing";
		};
/* End PBXNativeTarget section */

/* Begin PBXProject section */
		AF8E12751BD5B0F5003B8717 /* Project object */ = {
			isa = PBXProject;
			attributes = {
				LastUpgradeCheck = 0700;
				ORGANIZATIONNAME = "Colin Smith";
				TargetAttributes = {
					AF8E127C1BD5B0F5003B8717 = {
						CreatedOnToolsVersion = 7.0.1;
					};
					AF8E12951BD5B0F5003B8717 = {
						CreatedOnToolsVersion = 7.0.1;
						TestTargetID = AF8E127C1BD5B0F5003B8717;
					};
					AF8E12A01BD5B0F5003B8717 = {
						CreatedOnToolsVersion = 7.0.1;
						TestTargetID = AF8E127C1BD5B0F5003B8717;
					};
				};
			};
			buildConfigurationList = AF8E12781BD5B0F5003B8717 /* Build configuration list for PBXProject "AsynchronousOperations" */;
			compatibilityVersion = "Xcode 3.2";
			developmentRegion = English;
			hasScannedForEncodings = 0;
			knownRegions = (
				en,
				Base,
			);
			mainGroup = AF8E12741BD5B0F5003B8717;
			productRefGroup = AF8E127E1BD5B0F5003B8717 /* Products */;
			projectDirPath = "";
			projectRoot = "";
			targets = (
				AF8E127C1BD5B0F5003B8717 /* AsynchronousOperations */,
				AF8E12951BD5B0F5003B8717 /* AsynchronousOperationsTests */,
				AF8E12A01BD5B0F5003B8717 /* AsynchronousOperationsUITests */,
			);
		};
/* End PBXProject section */

/* Begin PBXResourcesBuildPhase section */
		AF8E127B1BD5B0F5003B8717 /* Resources */ = {
			isa = PBXResourcesBuildPhase;
			buildActionMask = 2147483647;
			files = (
				AF8E12901BD5B0F5003B8717 /* LaunchScreen.storyboard in Resources */,
				AF8E128D1BD5B0F5003B8717 /* Assets.xcassets in Resources */,
				AF8E12B71BD5C0B4003B8717 /* ASOMainViewController.xib in Resources */,
			);
			runOnlyForDeploymentPostprocessing = 0;
		};
		AF8E12941BD5B0F5003B8717 /* Resources */ = {
			isa = PBXResourcesBuildPhase;
			buildActionMask = 2147483647;
			files = (
			);
			runOnlyForDeploymentPostprocessing = 0;
		};
		AF8E129F1BD5B0F5003B8717 /* Resources */ = {
			isa = PBXResourcesBuildPhase;
			buildActionMask = 2147483647;
			files = (
			);
			runOnlyForDeploymentPostprocessing = 0;
		};
/* End PBXResourcesBuildPhase section */

/* Begin PBXSourcesBuildPhase section */
		AF8E12791BD5B0F5003B8717 /* Sources */ = {
			isa = PBXSourcesBuildPhase;
			buildActionMask = 2147483647;
			files = (
				AF8E12BF1BD5DA7D003B8717 /* ASOBaseOperation.m in Sources */,
				AF11BDB21BD719AC00B2DD1D /* ASOResizeImageOperation.m in Sources */,
				AF11BDB51BD7ABD900B2DD1D /* ASOFilterImageOperation.m in Sources */,
				AF8E12B61BD5C0B4003B8717 /* ASOMainViewController.m in Sources */,
				AF8E12BC1BD5C23B003B8717 /* ASODownloadImageOperation.m in Sources */,
				AF8E12851BD5B0F5003B8717 /* AppDelegate.m in Sources */,
				AF8E12821BD5B0F5003B8717 /* main.m in Sources */,
			);
			runOnlyForDeploymentPostprocessing = 0;
		};
		AF8E12921BD5B0F5003B8717 /* Sources */ = {
			isa = PBXSourcesBuildPhase;
			buildActionMask = 2147483647;
			files = (
				AF8E129B1BD5B0F5003B8717 /* AsynchronousOperationsTests.m in Sources */,
			);
			runOnlyForDeploymentPostprocessing = 0;
		};
		AF8E129D1BD5B0F5003B8717 /* Sources */ = {
			isa = PBXSourcesBuildPhase;
			buildActionMask = 2147483647;
			files = (
				AF8E12A61BD5B0F5003B8717 /* AsynchronousOperationsUITests.m in Sources */,
			);
			runOnlyForDeploymentPostprocessing = 0;
		};
/* End PBXSourcesBuildPhase section */

/* Begin PBXTargetDependency section */
		AF8E12981BD5B0F5003B8717 /* PBXTargetDependency */ = {
			isa = PBXTargetDependency;
			target = AF8E127C1BD5B0F5003B8717 /* AsynchronousOperations */;
			targetProxy = AF8E12971BD5B0F5003B8717 /* PBXContainerItemProxy */;
		};
		AF8E12A31BD5B0F5003B8717 /* PBXTargetDependency */ = {
			isa = PBXTargetDependency;
			target = AF8E127C1BD5B0F5003B8717 /* AsynchronousOperations */;
			targetProxy = AF8E12A21BD5B0F5003B8717 /* PBXContainerItemProxy */;
		};
/* End PBXTargetDependency section */

/* Begin PBXVariantGroup section */
		AF8E128E1BD5B0F5003B8717 /* LaunchScreen.storyboard */ = {
			isa = PBXVariantGroup;
			children = (
				AF8E128F1BD5B0F5003B8717 /* Base */,
			);
			name = LaunchScreen.storyboard;
			sourceTree = "<group>";
		};
/* End PBXVariantGroup section */

/* Begin XCBuildConfiguration section */
		AF8E12A81BD5B0F5003B8717 /* Debug */ = {
			isa = XCBuildConfiguration;
			buildSettings = {
				ALWAYS_SEARCH_USER_PATHS = NO;
				CLANG_CXX_LANGUAGE_STANDARD = "gnu++0x";
				CLANG_CXX_LIBRARY = "libc++";
				CLANG_ENABLE_MODULES = YES;
				CLANG_ENABLE_OBJC_ARC = YES;
				CLANG_WARN_BOOL_CONVERSION = YES;
				CLANG_WARN_CONSTANT_CONVERSION = YES;
				CLANG_WARN_DIRECT_OBJC_ISA_USAGE = YES_ERROR;
				CLANG_WARN_EMPTY_BODY = YES;
				CLANG_WARN_ENUM_CONVERSION = YES;
				CLANG_WARN_INT_CONVERSION = YES;
				CLANG_WARN_OBJC_ROOT_CLASS = YES_ERROR;
				CLANG_WARN_UNREACHABLE_CODE = YES;
				CLANG_WARN__DUPLICATE_METHOD_MATCH = YES;
				"CODE_SIGN_IDENTITY[sdk=iphoneos*]" = "iPhone Developer";
				COPY_PHASE_STRIP = NO;
				DEBUG_INFORMATION_FORMAT = dwarf;
				ENABLE_STRICT_OBJC_MSGSEND = YES;
				ENABLE_TESTABILITY = YES;
				GCC_C_LANGUAGE_STANDARD = gnu99;
				GCC_DYNAMIC_NO_PIC = NO;
				GCC_NO_COMMON_BLOCKS = YES;
				GCC_OPTIMIZATION_LEVEL = 0;
				GCC_PREPROCESSOR_DEFINITIONS = (
					"DEBUG=1",
					"$(inherited)",
				);
				GCC_WARN_64_TO_32_BIT_CONVERSION = YES;
				GCC_WARN_ABOUT_RETURN_TYPE = YES_ERROR;
				GCC_WARN_UNDECLARED_SELECTOR = YES;
				GCC_WARN_UNINITIALIZED_AUTOS = YES_AGGRESSIVE;
				GCC_WARN_UNUSED_FUNCTION = YES;
				GCC_WARN_UNUSED_VARIABLE = YES;
				IPHONEOS_DEPLOYMENT_TARGET = 9.0;
				MTL_ENABLE_DEBUG_INFO = YES;
				ONLY_ACTIVE_ARCH = YES;
				SDKROOT = iphoneos;
			};
			name = Debug;
		};
		AF8E12A91BD5B0F5003B8717 /* Release */ = {
			isa = XCBuildConfiguration;
			buildSettings = {
				ALWAYS_SEARCH_USER_PATHS = NO;
				CLANG_CXX_LANGUAGE_STANDARD = "gnu++0x";
				CLANG_CXX_LIBRARY = "libc++";
				CLANG_ENABLE_MODULES = YES;
				CLANG_ENABLE_OBJC_ARC = YES;
				CLANG_WARN_BOOL_CONVERSION = YES;
				CLANG_WARN_CONSTANT_CONVERSION = YES;
				CLANG_WARN_DIRECT_OBJC_ISA_USAGE = YES_ERROR;
				CLANG_WARN_EMPTY_BODY = YES;
				CLANG_WARN_ENUM_CONVERSION = YES;
				CLANG_WARN_INT_CONVERSION = YES;
				CLANG_WARN_OBJC_ROOT_CLASS = YES_ERROR;
				CLANG_WARN_UNREACHABLE_CODE = YES;
				CLANG_WARN__DUPLICATE_METHOD_MATCH = YES;
				"CODE_SIGN_IDENTITY[sdk=iphoneos*]" = "iPhone Developer";
				COPY_PHASE_STRIP = NO;
				DEBUG_INFORMATION_FORMAT = "dwarf-with-dsym";
				ENABLE_NS_ASSERTIONS = NO;
				ENABLE_STRICT_OBJC_MSGSEND = YES;
				GCC_C_LANGUAGE_STANDARD = gnu99;
				GCC_NO_COMMON_BLOCKS = YES;
				GCC_WARN_64_TO_32_BIT_CONVERSION = YES;
				GCC_WARN_ABOUT_RETURN_TYPE = YES_ERROR;
				GCC_WARN_UNDECLARED_SELECTOR = YES;
				GCC_WARN_UNINITIALIZED_AUTOS = YES_AGGRESSIVE;
				GCC_WARN_UNUSED_FUNCTION = YES;
				GCC_WARN_UNUSED_VARIABLE = YES;
				IPHONEOS_DEPLOYMENT_TARGET = 9.0;
				MTL_ENABLE_DEBUG_INFO = NO;
				SDKROOT = iphoneos;
				VALIDATE_PRODUCT = YES;
			};
			name = Release;
		};
		AF8E12AB1BD5B0F5003B8717 /* Debug */ = {
			isa = XCBuildConfiguration;
			buildSettings = {
				ASSETCATALOG_COMPILER_APPICON_NAME = AppIcon;
				INFOPLIST_FILE = AsynchronousOperations/Info.plist;
				LD_RUNPATH_SEARCH_PATHS = "$(inherited) @executable_path/Frameworks";
				PRODUCT_BUNDLE_IDENTIFIER = csmith.intrepid.io.AsynchronousOperations;
				PRODUCT_NAME = "$(TARGET_NAME)";
			};
			name = Debug;
		};
		AF8E12AC1BD5B0F5003B8717 /* Release */ = {
			isa = XCBuildConfiguration;
			buildSettings = {
				ASSETCATALOG_COMPILER_APPICON_NAME = AppIcon;
				INFOPLIST_FILE = AsynchronousOperations/Info.plist;
				LD_RUNPATH_SEARCH_PATHS = "$(inherited) @executable_path/Frameworks";
				PRODUCT_BUNDLE_IDENTIFIER = csmith.intrepid.io.AsynchronousOperations;
				PRODUCT_NAME = "$(TARGET_NAME)";
			};
			name = Release;
		};
		AF8E12AE1BD5B0F5003B8717 /* Debug */ = {
			isa = XCBuildConfiguration;
			buildSettings = {
				BUNDLE_LOADER = "$(TEST_HOST)";
				INFOPLIST_FILE = AsynchronousOperationsTests/Info.plist;
				LD_RUNPATH_SEARCH_PATHS = "$(inherited) @executable_path/Frameworks @loader_path/Frameworks";
				PRODUCT_BUNDLE_IDENTIFIER = csmith.intrepid.io.AsynchronousOperationsTests;
				PRODUCT_NAME = "$(TARGET_NAME)";
				TEST_HOST = "$(BUILT_PRODUCTS_DIR)/AsynchronousOperations.app/AsynchronousOperations";
			};
			name = Debug;
		};
		AF8E12AF1BD5B0F5003B8717 /* Release */ = {
			isa = XCBuildConfiguration;
			buildSettings = {
				BUNDLE_LOADER = "$(TEST_HOST)";
				INFOPLIST_FILE = AsynchronousOperationsTests/Info.plist;
				LD_RUNPATH_SEARCH_PATHS = "$(inherited) @executable_path/Frameworks @loader_path/Frameworks";
				PRODUCT_BUNDLE_IDENTIFIER = csmith.intrepid.io.AsynchronousOperationsTests;
				PRODUCT_NAME = "$(TARGET_NAME)";
				TEST_HOST = "$(BUILT_PRODUCTS_DIR)/AsynchronousOperations.app/AsynchronousOperations";
			};
			name = Release;
		};
		AF8E12B11BD5B0F5003B8717 /* Debug */ = {
			isa = XCBuildConfiguration;
			buildSettings = {
				INFOPLIST_FILE = AsynchronousOperationsUITests/Info.plist;
				LD_RUNPATH_SEARCH_PATHS = "$(inherited) @executable_path/Frameworks @loader_path/Frameworks";
				PRODUCT_BUNDLE_IDENTIFIER = csmith.intrepid.io.AsynchronousOperationsUITests;
				PRODUCT_NAME = "$(TARGET_NAME)";
				TEST_TARGET_NAME = AsynchronousOperations;
				USES_XCTRUNNER = YES;
			};
			name = Debug;
		};
		AF8E12B21BD5B0F5003B8717 /* Release */ = {
			isa = XCBuildConfiguration;
			buildSettings = {
				INFOPLIST_FILE = AsynchronousOperationsUITests/Info.plist;
				LD_RUNPATH_SEARCH_PATHS = "$(inherited) @executable_path/Frameworks @loader_path/Frameworks";
				PRODUCT_BUNDLE_IDENTIFIER = csmith.intrepid.io.AsynchronousOperationsUITests;
				PRODUCT_NAME = "$(TARGET_NAME)";
				TEST_TARGET_NAME = AsynchronousOperations;
				USES_XCTRUNNER = YES;
			};
			name = Release;
		};
/* End XCBuildConfiguration section */

/* Begin XCConfigurationList section */
		AF8E12781BD5B0F5003B8717 /* Build configuration list for PBXProject "AsynchronousOperations" */ = {
			isa = XCConfigurationList;
			buildConfigurations = (
				AF8E12A81BD5B0F5003B8717 /* Debug */,
				AF8E12A91BD5B0F5003B8717 /* Release */,
			);
			defaultConfigurationIsVisible = 0;
			defaultConfigurationName = Release;
		};
		AF8E12AA1BD5B0F5003B8717 /* Build configuration list for PBXNativeTarget "AsynchronousOperations" */ = {
			isa = XCConfigurationList;
			buildConfigurations = (
				AF8E12AB1BD5B0F5003B8717 /* Debug */,
				AF8E12AC1BD5B0F5003B8717 /* Release */,
			);
			defaultConfigurationIsVisible = 0;
			defaultConfigurationName = Release;
		};
		AF8E12AD1BD5B0F5003B8717 /* Build configuration list for PBXNativeTarget "AsynchronousOperationsTests" */ = {
			isa = XCConfigurationList;
			buildConfigurations = (
				AF8E12AE1BD5B0F5003B8717 /* Debug */,
				AF8E12AF1BD5B0F5003B8717 /* Release */,
			);
			defaultConfigurationIsVisible = 0;
			defaultConfigurationName = Release;
		};
		AF8E12B01BD5B0F5003B8717 /* Build configuration list for PBXNativeTarget "AsynchronousOperationsUITests" */ = {
			isa = XCConfigurationList;
			buildConfigurations = (
				AF8E12B11BD5B0F5003B8717 /* Debug */,
				AF8E12B21BD5B0F5003B8717 /* Release */,
			);
			defaultConfigurationIsVisible = 0;
			defaultConfigurationName = Release;
		};
/* End XCConfigurationList section */
	};
	rootObject = AF8E12751BD5B0F5003B8717 /* Project object */;
}
